
Microsoft Visual Studio Solution File, Format Version 11.00
# Visual C# Express 2010
Project("{FAE04EC0-301F-11D3-BF4B-00C04F79EFBC}") = "ConnectedLivingSpace", "ConnectedLivingSpace.csproj", "{9A5AED98-DF4E-418E-969E-144B0B4E02AD}"
	ProjectSection(ProjectDependencies) = postProject
		{83DC3693-B67F-4AA7-A553-642E9724BF29} = {83DC3693-B67F-4AA7-A553-642E9724BF29}
	EndProjectSection
EndProject
Project("{FAE04EC0-301F-11D3-BF4B-00C04F79EFBC}") = "CLSInterfaces", "..\CLSInterfaces\CLSInterfaces.csproj", "{83DC3693-B67F-4AA7-A553-642E9724BF29}"
EndProject
Global
	GlobalSection(SolutionConfigurationPlatforms) = preSolution
		Debug|Any CPU = Debug|Any CPU
		Debug|Mixed Platforms = Debug|Mixed Platforms
		Debug|x86 = Debug|x86
		Release|Any CPU = Release|Any CPU
		Release|Mixed Platforms = Release|Mixed Platforms
		Release|x86 = Release|x86
	EndGlobalSection
	GlobalSection(ProjectConfigurationPlatforms) = postSolution
		{9A5AED98-DF4E-418E-969E-144B0B4E02AD}.Debug|Any CPU.ActiveCfg = Debug|Any CPU
		{9A5AED98-DF4E-418E-969E-144B0B4E02AD}.Debug|Any CPU.Build.0 = Debug|Any CPU
		{9A5AED98-DF4E-418E-969E-144B0B4E02AD}.Debug|Mixed Platforms.ActiveCfg = Debug|Any CPU
		{9A5AED98-DF4E-418E-969E-144B0B4E02AD}.Debug|Mixed Platforms.Build.0 = Debug|Any CPU
		{9A5AED98-DF4E-418E-969E-144B0B4E02AD}.Debug|x86.ActiveCfg = Debug|Any CPU
		{9A5AED98-DF4E-418E-969E-144B0B4E02AD}.Release|Any CPU.ActiveCfg = Release|Any CPU
		{9A5AED98-DF4E-418E-969E-144B0B4E02AD}.Release|Any CPU.Build.0 = Release|Any CPU
		{9A5AED98-DF4E-418E-969E-144B0B4E02AD}.Release|Mixed Platforms.ActiveCfg = Release|Any CPU
		{9A5AED98-DF4E-418E-969E-144B0B4E02AD}.Release|Mixed Platforms.Build.0 = Release|Any CPU
		{9A5AED98-DF4E-418E-969E-144B0B4E02AD}.Release|x86.ActiveCfg = Release|Any CPU
		{83DC3693-B67F-4AA7-A553-642E9724BF29}.Debug|Any CPU.ActiveCfg = Debug|Any CPU
		{83DC3693-B67F-4AA7-A553-642E9724BF29}.Debug|Any CPU.Build.0 = Debug|Any CPU
		{83DC3693-B67F-4AA7-A553-642E9724BF29}.Debug|Mixed Platforms.ActiveCfg = Debug|Any CPU
		{83DC3693-B67F-4AA7-A553-642E9724BF29}.Debug|Mixed Platforms.Build.0 = Debug|Any CPU
		{83DC3693-B67F-4AA7-A553-642E9724BF29}.Debug|x86.ActiveCfg = Debug|Any CPU
		{83DC3693-B67F-4AA7-A553-642E9724BF29}.Release|Any CPU.ActiveCfg = Release|Any CPU
		{83DC3693-B67F-4AA7-A553-642E9724BF29}.Release|Any CPU.Build.0 = Release|Any CPU
		{83DC3693-B67F-4AA7-A553-642E9724BF29}.Release|Mixed Platforms.ActiveCfg = Release|Any CPU
		{83DC3693-B67F-4AA7-A553-642E9724BF29}.Release|Mixed Platforms.Build.0 = Release|Any CPU
		{83DC3693-B67F-4AA7-A553-642E9724BF29}.Release|x86.ActiveCfg = Release|Any CPU
	EndGlobalSection
	GlobalSection(SolutionProperties) = preSolution
		HideSolutionNode = FALSE
	EndGlobalSection
EndGlobal
